
Microsoft Visual Studio Solution File, Format Version 12.00
# Visual Studio Version 16
VisualStudioVersion = 16.0.30717.126
MinimumVisualStudioVersion = 10.0.40219.1
Project("{FAE04EC0-301F-11D3-BF4B-00C04F79EFBC}") = "CursoASP", "CursoASP\CursoASP.csproj", "{7685A3A6-F56E-4DDB-B8A2-0F968B642ADE}"
EndProject
Project("{FAE04EC0-301F-11D3-BF4B-00C04F79EFBC}") = "CursoASP_02", "CursoASP_02\CursoASP_02.csproj", "{76FEFD93-C7AF-4E38-AD2D-C44B1A8318AC}"
EndProject
Project("{FAE04EC0-301F-11D3-BF4B-00C04F79EFBC}") = "EjemploPractico_01", "EjemploPractico_01\EjemploPractico_01.csproj", "{155380E0-83A2-4DDD-9181-5C6652DB1107}"
EndProject
Project("{FAE04EC0-301F-11D3-BF4B-00C04F79EFBC}") = "EjemploPractico_02", "EjemploPractico_02\EjemploPractico_02.csproj", "{F1276C84-523B-4325-A6EC-40E1CA097999}"
EndProject
Project("{FAE04EC0-301F-11D3-BF4B-00C04F79EFBC}") = "Tarea_Evaluable", "Tarea_Evaluable\Tarea_Evaluable.csproj", "{4C7B7E95-A2AE-4961-90F8-512D2FC888B7}"
EndProject
Global
	GlobalSection(SolutionConfigurationPlatforms) = preSolution
		Debug|Any CPU = Debug|Any CPU
		Release|Any CPU = Release|Any CPU
	EndGlobalSection
	GlobalSection(ProjectConfigurationPlatforms) = postSolution
		{7685A3A6-F56E-4DDB-B8A2-0F968B642ADE}.Debug|Any CPU.ActiveCfg = Debug|Any CPU
		{7685A3A6-F56E-4DDB-B8A2-0F968B642ADE}.Debug|Any CPU.Build.0 = Debug|Any CPU
		{7685A3A6-F56E-4DDB-B8A2-0F968B642ADE}.Release|Any CPU.ActiveCfg = Release|Any CPU
		{7685A3A6-F56E-4DDB-B8A2-0F968B642ADE}.Release|Any CPU.Build.0 = Release|Any CPU
		{76FEFD93-C7AF-4E38-AD2D-C44B1A8318AC}.Debug|Any CPU.ActiveCfg = Debug|Any CPU
		{76FEFD93-C7AF-4E38-AD2D-C44B1A8318AC}.Debug|Any CPU.Build.0 = Debug|Any CPU
		{76FEFD93-C7AF-4E38-AD2D-C44B1A8318AC}.Release|Any CPU.ActiveCfg = Release|Any CPU
		{76FEFD93-C7AF-4E38-AD2D-C44B1A8318AC}.Release|Any CPU.Build.0 = Release|Any CPU
		{155380E0-83A2-4DDD-9181-5C6652DB1107}.Debug|Any CPU.ActiveCfg = Debug|Any CPU
		{155380E0-83A2-4DDD-9181-5C6652DB1107}.Debug|Any CPU.Build.0 = Debug|Any CPU
		{155380E0-83A2-4DDD-9181-5C6652DB1107}.Release|Any CPU.ActiveCfg = Release|Any CPU
		{155380E0-83A2-4DDD-9181-5C6652DB1107}.Release|Any CPU.Build.0 = Release|Any CPU
		{F1276C84-523B-4325-A6EC-40E1CA097999}.Debug|Any CPU.ActiveCfg = Debug|Any CPU
		{F1276C84-523B-4325-A6EC-40E1CA097999}.Debug|Any CPU.Build.0 = Debug|Any CPU
		{F1276C84-523B-4325-A6EC-40E1CA097999}.Release|Any CPU.ActiveCfg = Release|Any CPU
		{F1276C84-523B-4325-A6EC-40E1CA097999}.Release|Any CPU.Build.0 = Release|Any CPU
		{4C7B7E95-A2AE-4961-90F8-512D2FC888B7}.Debug|Any CPU.ActiveCfg = Debug|Any CPU
		{4C7B7E95-A2AE-4961-90F8-512D2FC888B7}.Debug|Any CPU.Build.0 = Debug|Any CPU
		{4C7B7E95-A2AE-4961-90F8-512D2FC888B7}.Release|Any CPU.ActiveCfg = Release|Any CPU
		{4C7B7E95-A2AE-4961-90F8-512D2FC888B7}.Release|Any CPU.Build.0 = Release|Any CPU
	EndGlobalSection
	GlobalSection(SolutionProperties) = preSolution
		HideSolutionNode = FALSE
	EndGlobalSection
	GlobalSection(ExtensibilityGlobals) = postSolution
		SolutionGuid = {BAEEA168-2B4F-42E9-A201-2EBF7D7AE6FD}
	EndGlobalSection
EndGlobal
